
Microsoft Visual Studio Solution File, Format Version 12.00
# Visual Studio 15
VisualStudioVersion = 15.0.27004.2009
MinimumVisualStudioVersion = 10.0.40219.1
Project("{2150E333-8FDC-42A3-9474-1A3956D46DE8}") = "01 Web Api", "01 Web Api", "{7802F36C-59FC-4EC1-8A1D-004D1887AD36}"
EndProject
Project("{2150E333-8FDC-42A3-9474-1A3956D46DE8}") = "02 Provider", "02 Provider", "{5B22D5BF-2BAA-4E7D-A98E-83D9D5669F0C}"
EndProject
Project("{2150E333-8FDC-42A3-9474-1A3956D46DE8}") = "03 Data", "03 Data", "{B638B994-4FA5-4AA8-9537-7516C1B678A4}"
EndProject
Project("{2150E333-8FDC-42A3-9474-1A3956D46DE8}") = "04 Entity", "04 Entity", "{123F4E8B-7240-45F8-9130-EF10FA6E1A5B}"
EndProject
Project("{2150E333-8FDC-42A3-9474-1A3956D46DE8}") = "05 Model", "05 Model", "{4BA506E2-2F14-4115-AEBF-1318AD313633}"
EndProject
Project("{2150E333-8FDC-42A3-9474-1A3956D46DE8}") = "06 Helper", "06 Helper", "{20A88AD5-E63B-4AAE-ABEE-54F92262147D}"
EndProject
Project("{2150E333-8FDC-42A3-9474-1A3956D46DE8}") = "07 Ubl", "07 Ubl", "{CD7B0F98-D2F8-4927-8BC7-68ECD7F5A0EB}"
EndProject
Project("{9A19103F-16F7-4668-BE54-9A1E7A4F7556}") = "SuperFact.Helper.Comun", "SuperFact.Helper.Comun\SuperFact.Helper.Comun.csproj", "{CA7AA99B-675E-4B38-A02F-E2C578F96B0E}"
EndProject
Project("{9A19103F-16F7-4668-BE54-9A1E7A4F7556}") = "SuperFact.Helper.Sunat", "SuperFact.Helper.Sunat\SuperFact.Helper.Sunat.csproj", "{5562CD8E-AE83-4B2D-B09C-06AC804A398E}"
EndProject
Project("{9A19103F-16F7-4668-BE54-9A1E7A4F7556}") = "SuperFact.Helper.Sunat.Soa", "SuperFact.Helper.Sunat.Soa\SuperFact.Helper.Sunat.Soa.csproj", "{6B7EA981-12AA-4FC4-A246-5A3264C591AF}"
EndProject
Project("{9A19103F-16F7-4668-BE54-9A1E7A4F7556}") = "SuperFact.Helper.Host", "SuperFact.Helper.Host\SuperFact.Helper.Host.csproj", "{C2E7093B-BB06-4B47-8BC6-F8D802CB7643}"
EndProject
Project("{9A19103F-16F7-4668-BE54-9A1E7A4F7556}") = "SuperFact.Ubl.Signed", "SuperFact.Ubl.Signed\SuperFact.Ubl.Signed.csproj", "{B5B0457C-0CA7-4791-B575-0B51D5F8335F}"
EndProject
Project("{9A19103F-16F7-4668-BE54-9A1E7A4F7556}") = "SuperFact.Ubl.Xml", "SuperFact.Ubl.Xml\SuperFact.Ubl.Xml.csproj", "{BAA2D012-DF2E-4BBD-9328-62CA09C603E8}"
EndProject
Project("{9A19103F-16F7-4668-BE54-9A1E7A4F7556}") = "SuperFact.Entity.Model", "SuperFact.Entity.Model\SuperFact.Entity.Model.csproj", "{5CC75D1F-2C8D-4BEB-85C1-5EFC8AAC55F7}"
EndProject
Project("{9A19103F-16F7-4668-BE54-9A1E7A4F7556}") = "SuperFact.Model.Contract", "SuperFact.Model.Contract\SuperFact.Model.Contract.csproj", "{B664BBAB-6366-46FE-906A-19A316C490C6}"
EndProject
Project("{9A19103F-16F7-4668-BE54-9A1E7A4F7556}") = "SuperFact.Model.Ubl", "SuperFact.Model.Ubl\SuperFact.Model.Ubl.csproj", "{8B205373-1BC6-4A93-BBB9-35C5049B2E22}"
EndProject
Project("{9A19103F-16F7-4668-BE54-9A1E7A4F7556}") = "SuperFact.Data.Repository", "SuperFact.Data.Repository\SuperFact.Data.Repository.csproj", "{1A837034-A331-4676-9E09-E46DF400CDCC}"
EndProject
Project("{9A19103F-16F7-4668-BE54-9A1E7A4F7556}") = "SuperFact.Data.IRepository", "SuperFact.Data.IRepository\SuperFact.Data.IRepository.csproj", "{484DFFA9-478F-4CDA-A1E5-DCFC9C57B382}"
EndProject
Project("{9A19103F-16F7-4668-BE54-9A1E7A4F7556}") = "SuperFact.Data.Data", "SuperFact.Data.Data\SuperFact.Data.Data.csproj", "{FFBB6F19-E4DB-4B1F-8051-D40C60F6EEE1}"
EndProject
Project("{9A19103F-16F7-4668-BE54-9A1E7A4F7556}") = "SuperFact.Business.Service", "SuperFact.Business.Service\SuperFact.Business.Service.csproj", "{523B068E-7335-4BCB-A250-91E828C49FB8}"
EndProject
Project("{9A19103F-16F7-4668-BE54-9A1E7A4F7556}") = "SuperFact.Business.IService", "SuperFact.Business.IService\SuperFact.Business.IService.csproj", "{94A9694D-1D89-4E34-B1EF-E65975B34785}"
EndProject
Project("{9A19103F-16F7-4668-BE54-9A1E7A4F7556}") = "SuperFact.WebApi.Api", "SuperFact.WebApi.Api\SuperFact.WebApi.Api.csproj", "{F4A41140-B3DD-4E78-B7EB-AC8D4F81DD23}"
EndProject
Project("{FAE04EC0-301F-11D3-BF4B-00C04F79EFBC}") = "SuperFact.Helper.Provider", "SuperFact.Helper.Provider\SuperFact.Helper.Provider.csproj", "{7DBB96E4-51A9-48CD-B265-8212BAF74DB2}"
EndProject
Global
	GlobalSection(SolutionConfigurationPlatforms) = preSolution
		Debug|Any CPU = Debug|Any CPU
		Release|Any CPU = Release|Any CPU
	EndGlobalSection
	GlobalSection(ProjectConfigurationPlatforms) = postSolution
		{CA7AA99B-675E-4B38-A02F-E2C578F96B0E}.Debug|Any CPU.ActiveCfg = Debug|Any CPU
		{CA7AA99B-675E-4B38-A02F-E2C578F96B0E}.Debug|Any CPU.Build.0 = Debug|Any CPU
		{CA7AA99B-675E-4B38-A02F-E2C578F96B0E}.Release|Any CPU.ActiveCfg = Release|Any CPU
		{CA7AA99B-675E-4B38-A02F-E2C578F96B0E}.Release|Any CPU.Build.0 = Release|Any CPU
		{5562CD8E-AE83-4B2D-B09C-06AC804A398E}.Debug|Any CPU.ActiveCfg = Debug|Any CPU
		{5562CD8E-AE83-4B2D-B09C-06AC804A398E}.Debug|Any CPU.Build.0 = Debug|Any CPU
		{5562CD8E-AE83-4B2D-B09C-06AC804A398E}.Release|Any CPU.ActiveCfg = Release|Any CPU
		{5562CD8E-AE83-4B2D-B09C-06AC804A398E}.Release|Any CPU.Build.0 = Release|Any CPU
		{6B7EA981-12AA-4FC4-A246-5A3264C591AF}.Debug|Any CPU.ActiveCfg = Debug|Any CPU
		{6B7EA981-12AA-4FC4-A246-5A3264C591AF}.Debug|Any CPU.Build.0 = Debug|Any CPU
		{6B7EA981-12AA-4FC4-A246-5A3264C591AF}.Release|Any CPU.ActiveCfg = Release|Any CPU
		{6B7EA981-12AA-4FC4-A246-5A3264C591AF}.Release|Any CPU.Build.0 = Release|Any CPU
		{C2E7093B-BB06-4B47-8BC6-F8D802CB7643}.Debug|Any CPU.ActiveCfg = Debug|Any CPU
		{C2E7093B-BB06-4B47-8BC6-F8D802CB7643}.Debug|Any CPU.Build.0 = Debug|Any CPU
		{C2E7093B-BB06-4B47-8BC6-F8D802CB7643}.Release|Any CPU.ActiveCfg = Release|Any CPU
		{C2E7093B-BB06-4B47-8BC6-F8D802CB7643}.Release|Any CPU.Build.0 = Release|Any CPU
		{B5B0457C-0CA7-4791-B575-0B51D5F8335F}.Debug|Any CPU.ActiveCfg = Debug|Any CPU
		{B5B0457C-0CA7-4791-B575-0B51D5F8335F}.Debug|Any CPU.Build.0 = Debug|Any CPU
		{B5B0457C-0CA7-4791-B575-0B51D5F8335F}.Release|Any CPU.ActiveCfg = Release|Any CPU
		{B5B0457C-0CA7-4791-B575-0B51D5F8335F}.Release|Any CPU.Build.0 = Release|Any CPU
		{BAA2D012-DF2E-4BBD-9328-62CA09C603E8}.Debug|Any CPU.ActiveCfg = Debug|Any CPU
		{BAA2D012-DF2E-4BBD-9328-62CA09C603E8}.Debug|Any CPU.Build.0 = Debug|Any CPU
		{BAA2D012-DF2E-4BBD-9328-62CA09C603E8}.Release|Any CPU.ActiveCfg = Release|Any CPU
		{BAA2D012-DF2E-4BBD-9328-62CA09C603E8}.Release|Any CPU.Build.0 = Release|Any CPU
		{5CC75D1F-2C8D-4BEB-85C1-5EFC8AAC55F7}.Debug|Any CPU.ActiveCfg = Debug|Any CPU
		{5CC75D1F-2C8D-4BEB-85C1-5EFC8AAC55F7}.Debug|Any CPU.Build.0 = Debug|Any CPU
		{5CC75D1F-2C8D-4BEB-85C1-5EFC8AAC55F7}.Release|Any CPU.ActiveCfg = Release|Any CPU
		{5CC75D1F-2C8D-4BEB-85C1-5EFC8AAC55F7}.Release|Any CPU.Build.0 = Release|Any CPU
		{B664BBAB-6366-46FE-906A-19A316C490C6}.Debug|Any CPU.ActiveCfg = Debug|Any CPU
		{B664BBAB-6366-46FE-906A-19A316C490C6}.Debug|Any CPU.Build.0 = Debug|Any CPU
		{B664BBAB-6366-46FE-906A-19A316C490C6}.Release|Any CPU.ActiveCfg = Release|Any CPU
		{B664BBAB-6366-46FE-906A-19A316C490C6}.Release|Any CPU.Build.0 = Release|Any CPU
		{8B205373-1BC6-4A93-BBB9-35C5049B2E22}.Debug|Any CPU.ActiveCfg = Debug|Any CPU
		{8B205373-1BC6-4A93-BBB9-35C5049B2E22}.Debug|Any CPU.Build.0 = Debug|Any CPU
		{8B205373-1BC6-4A93-BBB9-35C5049B2E22}.Release|Any CPU.ActiveCfg = Release|Any CPU
		{8B205373-1BC6-4A93-BBB9-35C5049B2E22}.Release|Any CPU.Build.0 = Release|Any CPU
		{1A837034-A331-4676-9E09-E46DF400CDCC}.Debug|Any CPU.ActiveCfg = Debug|Any CPU
		{1A837034-A331-4676-9E09-E46DF400CDCC}.Debug|Any CPU.Build.0 = Debug|Any CPU
		{1A837034-A331-4676-9E09-E46DF400CDCC}.Release|Any CPU.ActiveCfg = Release|Any CPU
		{1A837034-A331-4676-9E09-E46DF400CDCC}.Release|Any CPU.Build.0 = Release|Any CPU
		{484DFFA9-478F-4CDA-A1E5-DCFC9C57B382}.Debug|Any CPU.ActiveCfg = Debug|Any CPU
		{484DFFA9-478F-4CDA-A1E5-DCFC9C57B382}.Debug|Any CPU.Build.0 = Debug|Any CPU
		{484DFFA9-478F-4CDA-A1E5-DCFC9C57B382}.Release|Any CPU.ActiveCfg = Release|Any CPU
		{484DFFA9-478F-4CDA-A1E5-DCFC9C57B382}.Release|Any CPU.Build.0 = Release|Any CPU
		{FFBB6F19-E4DB-4B1F-8051-D40C60F6EEE1}.Debug|Any CPU.ActiveCfg = Debug|Any CPU
		{FFBB6F19-E4DB-4B1F-8051-D40C60F6EEE1}.Debug|Any CPU.Build.0 = Debug|Any CPU
		{FFBB6F19-E4DB-4B1F-8051-D40C60F6EEE1}.Release|Any CPU.ActiveCfg = Release|Any CPU
		{FFBB6F19-E4DB-4B1F-8051-D40C60F6EEE1}.Release|Any CPU.Build.0 = Release|Any CPU
		{523B068E-7335-4BCB-A250-91E828C49FB8}.Debug|Any CPU.ActiveCfg = Debug|Any CPU
		{523B068E-7335-4BCB-A250-91E828C49FB8}.Debug|Any CPU.Build.0 = Debug|Any CPU
		{523B068E-7335-4BCB-A250-91E828C49FB8}.Release|Any CPU.ActiveCfg = Release|Any CPU
		{523B068E-7335-4BCB-A250-91E828C49FB8}.Release|Any CPU.Build.0 = Release|Any CPU
		{94A9694D-1D89-4E34-B1EF-E65975B34785}.Debug|Any CPU.ActiveCfg = Debug|Any CPU
		{94A9694D-1D89-4E34-B1EF-E65975B34785}.Debug|Any CPU.Build.0 = Debug|Any CPU
		{94A9694D-1D89-4E34-B1EF-E65975B34785}.Release|Any CPU.ActiveCfg = Release|Any CPU
		{94A9694D-1D89-4E34-B1EF-E65975B34785}.Release|Any CPU.Build.0 = Release|Any CPU
		{F4A41140-B3DD-4E78-B7EB-AC8D4F81DD23}.Debug|Any CPU.ActiveCfg = Debug|Any CPU
		{F4A41140-B3DD-4E78-B7EB-AC8D4F81DD23}.Debug|Any CPU.Build.0 = Debug|Any CPU
		{F4A41140-B3DD-4E78-B7EB-AC8D4F81DD23}.Release|Any CPU.ActiveCfg = Release|Any CPU
		{F4A41140-B3DD-4E78-B7EB-AC8D4F81DD23}.Release|Any CPU.Build.0 = Release|Any CPU
		{7DBB96E4-51A9-48CD-B265-8212BAF74DB2}.Debug|Any CPU.ActiveCfg = Debug|Any CPU
		{7DBB96E4-51A9-48CD-B265-8212BAF74DB2}.Debug|Any CPU.Build.0 = Debug|Any CPU
		{7DBB96E4-51A9-48CD-B265-8212BAF74DB2}.Release|Any CPU.ActiveCfg = Release|Any CPU
		{7DBB96E4-51A9-48CD-B265-8212BAF74DB2}.Release|Any CPU.Build.0 = Release|Any CPU
	EndGlobalSection
	GlobalSection(SolutionProperties) = preSolution
		HideSolutionNode = FALSE
	EndGlobalSection
	GlobalSection(NestedProjects) = preSolution
		{CA7AA99B-675E-4B38-A02F-E2C578F96B0E} = {20A88AD5-E63B-4AAE-ABEE-54F92262147D}
		{5562CD8E-AE83-4B2D-B09C-06AC804A398E} = {20A88AD5-E63B-4AAE-ABEE-54F92262147D}
		{6B7EA981-12AA-4FC4-A246-5A3264C591AF} = {20A88AD5-E63B-4AAE-ABEE-54F92262147D}
		{C2E7093B-BB06-4B47-8BC6-F8D802CB7643} = {20A88AD5-E63B-4AAE-ABEE-54F92262147D}
		{B5B0457C-0CA7-4791-B575-0B51D5F8335F} = {CD7B0F98-D2F8-4927-8BC7-68ECD7F5A0EB}
		{BAA2D012-DF2E-4BBD-9328-62CA09C603E8} = {CD7B0F98-D2F8-4927-8BC7-68ECD7F5A0EB}
		{5CC75D1F-2C8D-4BEB-85C1-5EFC8AAC55F7} = {123F4E8B-7240-45F8-9130-EF10FA6E1A5B}
		{B664BBAB-6366-46FE-906A-19A316C490C6} = {4BA506E2-2F14-4115-AEBF-1318AD313633}
		{8B205373-1BC6-4A93-BBB9-35C5049B2E22} = {4BA506E2-2F14-4115-AEBF-1318AD313633}
		{1A837034-A331-4676-9E09-E46DF400CDCC} = {B638B994-4FA5-4AA8-9537-7516C1B678A4}
		{484DFFA9-478F-4CDA-A1E5-DCFC9C57B382} = {B638B994-4FA5-4AA8-9537-7516C1B678A4}
		{FFBB6F19-E4DB-4B1F-8051-D40C60F6EEE1} = {B638B994-4FA5-4AA8-9537-7516C1B678A4}
		{523B068E-7335-4BCB-A250-91E828C49FB8} = {5B22D5BF-2BAA-4E7D-A98E-83D9D5669F0C}
		{94A9694D-1D89-4E34-B1EF-E65975B34785} = {5B22D5BF-2BAA-4E7D-A98E-83D9D5669F0C}
		{F4A41140-B3DD-4E78-B7EB-AC8D4F81DD23} = {7802F36C-59FC-4EC1-8A1D-004D1887AD36}
		{7DBB96E4-51A9-48CD-B265-8212BAF74DB2} = {20A88AD5-E63B-4AAE-ABEE-54F92262147D}
	EndGlobalSection
	GlobalSection(ExtensibilityGlobals) = postSolution
		SolutionGuid = {8057B947-2A95-49A6-AA95-2178E3FE4260}
	EndGlobalSection
EndGlobal
